{
  "name": "@synerty/vortexjs",
  "version": "0.9.38",
  "lockfileVersion": 1,
  "requires": true,
  "dependencies": {
    "@angular/animations": {
      "version": "4.4.6",
      "resolved": "https://registry.npmjs.org/@angular/animations/-/animations-4.4.6.tgz",
      "integrity": "sha1-+mYYmaik44y3xYPHpcl85l1ZKjU=",
      "requires": {
        "tslib": "1.8.1"
      }
    },
    "@angular/common": {
      "version": "4.4.6",
      "resolved": "https://registry.npmjs.org/@angular/common/-/common-4.4.6.tgz",
      "integrity": "sha1-S4FCByTggooOg5uVpV6xp+g5GPI=",
      "requires": {
        "tslib": "1.8.1"
      }
    },
    "@angular/core": {
      "version": "4.4.6",
      "resolved": "https://registry.npmjs.org/@angular/core/-/core-4.4.6.tgz",
      "integrity": "sha1-EwMf0Q3P5DiHVBmzjyESCVi8I1Q=",
      "requires": {
        "tslib": "1.8.1"
      }
    },
    "@angular/platform-browser": {
      "version": "4.4.6",
      "resolved": "https://registry.npmjs.org/@angular/platform-browser/-/platform-browser-4.4.6.tgz",
      "integrity": "sha1-qYOcVH4bZU+h0kqJeAyLpquNzOA=",
      "requires": {
        "tslib": "1.8.1"
      }
    },
    "@angular/router": {
      "version": "4.4.6",
      "resolved": "https://registry.npmjs.org/@angular/router/-/router-4.4.6.tgz",
      "integrity": "sha1-D2rSmuD/jSyeo3m9MgRHIXt+yGY=",
      "requires": {
        "tslib": "1.8.1"
      }
    },
    "@synerty/ng2-balloon-msg": {
      "version": "0.3.3",
      "resolved": "https://registry.npmjs.org/@synerty/ng2-balloon-msg/-/ng2-balloon-msg-0.3.3.tgz",
      "integrity": "sha512-i8dp3FJkQ8xvKF/fpmIZVU37Dw8lQwsSpIpcJpp8XVon7cahG2qgY/NM3fgdEF2yU3nSHgT/hXus81zi7rR8LQ==",
      "requires": {
        "@angular/animations": "4.4.6",
        "@angular/common": "4.4.6",
        "@angular/core": "4.4.6",
        "@angular/platform-browser": "4.4.6",
        "@angular/router": "4.4.6",
        "bootstrap": "3.3.7",
        "core-js": "2.5.3",
        "jquery": "3.2.1",
        "rxjs": "5.5.6",
        "zone.js": "0.8.19"
      }
    },
    "@types/deep-equal": {
      "version": "0.0.30",
      "resolved": "https://registry.npmjs.org/@types/deep-equal/-/deep-equal-0.0.30.tgz",
      "integrity": "sha1-wU34JckgGhgEmA5+vD7zDhN7tkw="
    },
    "base-64": {
      "version": "0.1.0",
      "resolved": "https://registry.npmjs.org/base-64/-/base-64-0.1.0.tgz",
      "integrity": "sha1-eAqZyE59YAJgNhURxId2E78k9rs="
    },
    "bootstrap": {
      "version": "3.3.7",
      "resolved": "https://registry.npmjs.org/bootstrap/-/bootstrap-3.3.7.tgz",
      "integrity": "sha1-WjiTlFSfIzMIdaOxUGVldPip63E="
    },
    "core-js": {
      "version": "2.5.3",
      "resolved": "https://registry.npmjs.org/core-js/-/core-js-2.5.3.tgz",
      "integrity": "sha1-isw4NFgk8W2DZbfJtCWRaOjtYD4="
    },
    "deep-copy": {
      "version": "1.4.1",
      "resolved": "https://registry.npmjs.org/deep-copy/-/deep-copy-1.4.1.tgz",
      "integrity": "sha512-AItI4L50StgjNeXbHrl/no0cqCAglph3kJPydkl+vWfgGlSzcm9jhZXdYAry8fuzQtZDjiNTQ8tzgP37K+N5Sg=="
    },
    "deep-equal": {
      "version": "1.0.1",
      "resolved": "https://registry.npmjs.org/deep-equal/-/deep-equal-1.0.1.tgz",
      "integrity": "sha1-9dJgKStmDghO/0zbyfCK0yR0SLU="
    },
    "extend": {
      "version": "3.0.1",
      "resolved": "https://registry.npmjs.org/extend/-/extend-3.0.1.tgz",
      "integrity": "sha1-p1Xqe8Gt/MWjHOfnYtuq3F5jZEQ="
    },
    "jquery": {
      "version": "3.2.1",
      "resolved": "https://registry.npmjs.org/jquery/-/jquery-3.2.1.tgz",
      "integrity": "sha1-XE2d5lKvbNCncBVKYxu6ErAVx4c="
    },
    "moment": {
      "version": "2.20.1",
      "resolved": "https://registry.npmjs.org/moment/-/moment-2.20.1.tgz",
      "integrity": "sha512-Yh9y73JRljxW5QxN08Fner68eFLxM5ynNOAw2LbIB1YAGeQzZT8QFSUvkAz609Zf+IHhhaUxqZK8dG3W/+HEvg=="
    },
    "pako": {
      "version": "1.0.6",
      "resolved": "https://registry.npmjs.org/pako/-/pako-1.0.6.tgz",
      "integrity": "sha512-lQe48YPsMJAig+yngZ87Lus+NF+3mtu7DVOBu6b/gHO1YpKwIj5AWjZ/TOS7i46HD/UixzWb1zeWDZfGZ3iYcg=="
    },
    "rxjs": {
      "version": "5.5.6",
      "resolved": "https://registry.npmjs.org/rxjs/-/rxjs-5.5.6.tgz",
      "integrity": "sha512-v4Q5HDC0FHAQ7zcBX7T2IL6O5ltl1a2GX4ENjPXg6SjDY69Cmx9v4113C99a4wGF16ClPv5Z8mghuYorVkg/kg==",
      "requires": {
        "symbol-observable": "1.0.1"
      }
    },
    "symbol-observable": {
      "version": "1.0.1",
      "resolved": "https://registry.npmjs.org/symbol-observable/-/symbol-observable-1.0.1.tgz",
      "integrity": "sha1-g0D8RwLDEi310iKI+IKD9RPT/dQ="
    },
    "tslib": {
      "version": "1.8.1",
      "resolved": "https://registry.npmjs.org/tslib/-/tslib-1.8.1.tgz",
      "integrity": "sha1-aUavLR1lGnsYY7Ux1uWvpBqkTqw="
    },
    "zone.js": {
      "version": "0.8.19",
      "resolved": "https://registry.npmjs.org/zone.js/-/zone.js-0.8.19.tgz",
      "integrity": "sha512-l9rofaOs6a4y1W8zt4pDmnCUCnYG377dG+5SZlXNWrTWYUuXFqcJZiOarhYiRVR0NI9sH/8ooPJiz4uprB/Mkg=="
    }
  }
}
